
Microsoft Visual Studio Solution File, Format Version 12.00
# Visual Studio Version 17
VisualStudioVersion = 17.11.35312.102
MinimumVisualStudioVersion = 10.0.40219.1
Project("{888888A0-9F3D-457C-B088-3A5042F75D52}") = "ErrorReportIndex", "ErrorReportIndex\ErrorReportIndex.pyproj", "{CA9E107F-5E91-40CE-88BD-7CA597AC57AB}"
EndProject
Global
	GlobalSection(SolutionConfigurationPlatforms) = preSolution
		Debug|Any CPU = Debug|Any CPU
		Release|Any CPU = Release|Any CPU
	EndGlobalSection
	GlobalSection(ProjectConfigurationPlatforms) = postSolution
		{CA9E107F-5E91-40CE-88BD-7CA597AC57AB}.Debug|Any CPU.ActiveCfg = Debug|Any CPU
		{CA9E107F-5E91-40CE-88BD-7CA597AC57AB}.Release|Any CPU.ActiveCfg = Release|Any CPU
	EndGlobalSection
	GlobalSection(SolutionProperties) = preSolution
		HideSolutionNode = FALSE
	EndGlobalSection
	GlobalSection(ExtensibilityGlobals) = postSolution
		SolutionGuid = {0B6B5A32-84D5-489F-B00A-1653D2694258}
	EndGlobalSection
EndGlobal
